
Microsoft Visual Studio Solution File, Format Version 12.00
# Visual Studio Version 17
VisualStudioVersion = 17.7.34202.233
MinimumVisualStudioVersion = 10.0.40219.1
Project("{9A19103F-16F7-4668-BE54-9A1E7A4F7556}") = "E-commerce API", "E-commerce API\E-commerce API.csproj", "{30D5FAFF-BB48-4A52-962B-4B3A68779D91}"
EndProject
Project("{FAE04EC0-301F-11D3-BF4B-00C04F79EFBC}") = "Core", "Core\Core.csproj", "{A24CE4AA-DA7F-4556-BD0D-55E499D12BAC}"
EndProject
Project("{FAE04EC0-301F-11D3-BF4B-00C04F79EFBC}") = "Infrastructure", "Infrastructure\Infrastructure.csproj", "{014E13DC-470E-44EE-B10A-0B81BE3D5883}"
EndProject
Global
	GlobalSection(SolutionConfigurationPlatforms) = preSolution
		Debug|Any CPU = Debug|Any CPU
		Release|Any CPU = Release|Any CPU
	EndGlobalSection
	GlobalSection(ProjectConfigurationPlatforms) = postSolution
		{30D5FAFF-BB48-4A52-962B-4B3A68779D91}.Debug|Any CPU.ActiveCfg = Debug|Any CPU
		{30D5FAFF-BB48-4A52-962B-4B3A68779D91}.Debug|Any CPU.Build.0 = Debug|Any CPU
		{30D5FAFF-BB48-4A52-962B-4B3A68779D91}.Release|Any CPU.ActiveCfg = Release|Any CPU
		{30D5FAFF-BB48-4A52-962B-4B3A68779D91}.Release|Any CPU.Build.0 = Release|Any CPU
		{A24CE4AA-DA7F-4556-BD0D-55E499D12BAC}.Debug|Any CPU.ActiveCfg = Debug|Any CPU
		{A24CE4AA-DA7F-4556-BD0D-55E499D12BAC}.Debug|Any CPU.Build.0 = Debug|Any CPU
		{A24CE4AA-DA7F-4556-BD0D-55E499D12BAC}.Release|Any CPU.ActiveCfg = Release|Any CPU
		{A24CE4AA-DA7F-4556-BD0D-55E499D12BAC}.Release|Any CPU.Build.0 = Release|Any CPU
		{014E13DC-470E-44EE-B10A-0B81BE3D5883}.Debug|Any CPU.ActiveCfg = Debug|Any CPU
		{014E13DC-470E-44EE-B10A-0B81BE3D5883}.Debug|Any CPU.Build.0 = Debug|Any CPU
		{014E13DC-470E-44EE-B10A-0B81BE3D5883}.Release|Any CPU.ActiveCfg = Release|Any CPU
		{014E13DC-470E-44EE-B10A-0B81BE3D5883}.Release|Any CPU.Build.0 = Release|Any CPU
	EndGlobalSection
	GlobalSection(SolutionProperties) = preSolution
		HideSolutionNode = FALSE
	EndGlobalSection
	GlobalSection(ExtensibilityGlobals) = postSolution
		SolutionGuid = {EB1C2AD5-1279-4305-8E4B-B00644FC6945}
	EndGlobalSection
EndGlobal
